
Microsoft Visual Studio Solution File, Format Version 12.00
# Visual Studio Version 17
VisualStudioVersion = 17.13.35919.96 d17.13
MinimumVisualStudioVersion = 10.0.40219.1
Project("{FAE04EC0-301F-11D3-BF4B-00C04F79EFBC}") = "SignalApiServer", "SignalApiServer\SignalApiServer.csproj", "{BD053A4D-A800-420A-932B-AB36E55587DC}"
EndProject
Global
	GlobalSection(SolutionConfigurationPlatforms) = preSolution
		Debug|Any CPU = Debug|Any CPU
		Release|Any CPU = Release|Any CPU
	EndGlobalSection
	GlobalSection(ProjectConfigurationPlatforms) = postSolution
		{BD053A4D-A800-420A-932B-AB36E55587DC}.Debug|Any CPU.ActiveCfg = Debug|Any CPU
		{BD053A4D-A800-420A-932B-AB36E55587DC}.Debug|Any CPU.Build.0 = Debug|Any CPU
		{BD053A4D-A800-420A-932B-AB36E55587DC}.Release|Any CPU.ActiveCfg = Release|Any CPU
		{BD053A4D-A800-420A-932B-AB36E55587DC}.Release|Any CPU.Build.0 = Release|Any CPU
	EndGlobalSection
	GlobalSection(SolutionProperties) = preSolution
		HideSolutionNode = FALSE
	EndGlobalSection
	GlobalSection(ExtensibilityGlobals) = postSolution
		SolutionGuid = {5ACD29C3-7879-4797-A668-263DD84F76BC}
	EndGlobalSection
EndGlobal
